
Microsoft Visual Studio Solution File, Format Version 12.00
# Visual Studio Version 17
VisualStudioVersion = 17.10.35004.147
MinimumVisualStudioVersion = 10.0.40219.1
Project("{9A19103F-16F7-4668-BE54-9A1E7A4F7556}") = "EventScheduler", "EventScheduler\EventScheduler.csproj", "{DBF6D3B3-72CF-4146-A4D5-1853D397BC1D}"
EndProject
Project("{FAE04EC0-301F-11D3-BF4B-00C04F79EFBC}") = "EventScheduler.Common", "EventScheduler.Common\EventScheduler.Common.csproj", "{77856BBE-F159-4C87-B02A-06523F058882}"
EndProject
Global
	GlobalSection(SolutionConfigurationPlatforms) = preSolution
		Debug|Any CPU = Debug|Any CPU
		Release|Any CPU = Release|Any CPU
	EndGlobalSection
	GlobalSection(ProjectConfigurationPlatforms) = postSolution
		{DBF6D3B3-72CF-4146-A4D5-1853D397BC1D}.Debug|Any CPU.ActiveCfg = Debug|Any CPU
		{DBF6D3B3-72CF-4146-A4D5-1853D397BC1D}.Debug|Any CPU.Build.0 = Debug|Any CPU
		{DBF6D3B3-72CF-4146-A4D5-1853D397BC1D}.Release|Any CPU.ActiveCfg = Release|Any CPU
		{DBF6D3B3-72CF-4146-A4D5-1853D397BC1D}.Release|Any CPU.Build.0 = Release|Any CPU
		{77856BBE-F159-4C87-B02A-06523F058882}.Debug|Any CPU.ActiveCfg = Debug|Any CPU
		{77856BBE-F159-4C87-B02A-06523F058882}.Debug|Any CPU.Build.0 = Debug|Any CPU
		{77856BBE-F159-4C87-B02A-06523F058882}.Release|Any CPU.ActiveCfg = Release|Any CPU
		{77856BBE-F159-4C87-B02A-06523F058882}.Release|Any CPU.Build.0 = Release|Any CPU
	EndGlobalSection
	GlobalSection(SolutionProperties) = preSolution
		HideSolutionNode = FALSE
	EndGlobalSection
	GlobalSection(ExtensibilityGlobals) = postSolution
		SolutionGuid = {AE1ADD6B-FAC0-4274-9229-BCAE5BDFE08F}
	EndGlobalSection
EndGlobal
